// !$*UTF8*$!
{
	archiveVersion = 1;
	classes = {
	};
	objectVersion = 46;
	objects = {

/* Begin PBXBuildFile section */
		B889228F1B7C5742008B8345 /* main.m in Sources */ = {isa = PBXBuildFile; fileRef = B889228E1B7C5742008B8345 /* main.m */; };
		B88922921B7C5742008B8345 /* AppDelegate.m in Sources */ = {isa = PBXBuildFile; fileRef = B88922911B7C5742008B8345 /* AppDelegate.m */; };
		B88922981B7C5742008B8345 /* Main.storyboard in Resources */ = {isa = PBXBuildFile; fileRef = B88922961B7C5742008B8345 /* Main.storyboard */; };
		B889229B1B7C5742008B8345 /* iOS8TableViewAutoLayoutTest.xcdatamodeld in Sources */ = {isa = PBXBuildFile; fileRef = B88922991B7C5742008B8345 /* iOS8TableViewAutoLayoutTest.xcdatamodeld */; };
		B889229D1B7C5742008B8345 /* Assets.xcassets in Resources */ = {isa = PBXBuildFile; fileRef = B889229C1B7C5742008B8345 /* Assets.xcassets */; };
		B88922A01B7C5742008B8345 /* LaunchScreen.storyboard in Resources */ = {isa = PBXBuildFile; fileRef = B889229E1B7C5742008B8345 /* LaunchScreen.storyboard */; };
		B88922AB1B7C5742008B8345 /* iOS8TableViewAutoLayoutTestTests.m in Sources */ = {isa = PBXBuildFile; fileRef = B88922AA1B7C5742008B8345 /* iOS8TableViewAutoLayoutTestTests.m */; };
		B88922B61B7C5742008B8345 /* iOS8TableViewAutoLayoutTestUITests.m in Sources */ = {isa = PBXBuildFile; fileRef = B88922B51B7C5742008B8345 /* iOS8TableViewAutoLayoutTestUITests.m */; };
		B88922EB1B7D3B56008B8345 /* MyTableViewController.m in Sources */ = {isa = PBXBuildFile; fileRef = B88922EA1B7D3B56008B8345 /* MyTableViewController.m */; };
/* End PBXBuildFile section */

/* Begin PBXContainerItemProxy section */
		B88922A71B7C5742008B8345 /* PBXContainerItemProxy */ = {
			isa = PBXContainerItemProxy;
			containerPortal = B88922821B7C5742008B8345 /* Project object */;
			proxyType = 1;
			remoteGlobalIDString = B88922891B7C5742008B8345;
			remoteInfo = iOS8TableViewAutoLayoutTest;
		};
		B88922B21B7C5742008B8345 /* PBXContainerItemProxy */ = {
			isa = PBXContainerItemProxy;
			containerPortal = B88922821B7C5742008B8345 /* Project object */;
			proxyType = 1;
			remoteGlobalIDString = B88922891B7C5742008B8345;
			remoteInfo = iOS8TableViewAutoLayoutTest;
		};
/* End PBXContainerItemProxy section */

/* Begin PBXFileReference section */
		B889228A1B7C5742008B8345 /* iOS8TableViewAutoLayoutTest.app */ = {isa = PBXFileReference; explicitFileType = wrapper.application; includeInIndex = 0; path = iOS8TableViewAutoLayoutTest.app; sourceTree = BUILT_PRODUCTS_DIR; };
		B889228E1B7C5742008B8345 /* main.m */ = {isa = PBXFileReference; lastKnownFileType = sourcecode.c.objc; path = main.m; sourceTree = "<group>"; };
		B88922901B7C5742008B8345 /* AppDelegate.h */ = {isa = PBXFileReference; lastKnownFileType = sourcecode.c.h; path = AppDelegate.h; sourceTree = "<group>"; };
		B88922911B7C5742008B8345 /* AppDelegate.m */ = {isa = PBXFileReference; lastKnownFileType = sourcecode.c.objc; path = AppDelegate.m; sourceTree = "<group>"; };
		B88922971B7C5742008B8345 /* Base */ = {isa = PBXFileReference; lastKnownFileType = file.storyboard; name = Base; path = Base.lproj/Main.storyboard; sourceTree = "<group>"; };
		B889229A1B7C5742008B8345 /* iOS8TableViewAutoLayoutTest.xcdatamodel */ = {isa = PBXFileReference; lastKnownFileType = wrapper.xcdatamodel; path = iOS8TableViewAutoLayoutTest.xcdatamodel; sourceTree = "<group>"; };
		B889229C1B7C5742008B8345 /* Assets.xcassets */ = {isa = PBXFileReference; lastKnownFileType = folder.assetcatalog; path = Assets.xcassets; sourceTree = "<group>"; };
		B889229F1B7C5742008B8345 /* Base */ = {isa = PBXFileReference; lastKnownFileType = file.storyboard; name = Base; path = Base.lproj/LaunchScreen.storyboard; sourceTree = "<group>"; };
		B88922A11B7C5742008B8345 /* Info.plist */ = {isa = PBXFileReference; lastKnownFileType = text.plist.xml; path = Info.plist; sourceTree = "<group>"; };
		B88922A61B7C5742008B8345 /* iOS8TableViewAutoLayoutTestTests.xctest */ = {isa = PBXFileReference; explicitFileType = wrapper.cfbundle; includeInIndex = 0; path = iOS8TableViewAutoLayoutTestTests.xctest; sourceTree = BUILT_PRODUCTS_DIR; };
		B88922AA1B7C5742008B8345 /* iOS8TableViewAutoLayoutTestTests.m */ = {isa = PBXFileReference; lastKnownFileType = sourcecode.c.objc; path = iOS8TableViewAutoLayoutTestTests.m; sourceTree = "<group>"; };
		B88922AC1B7C5742008B8345 /* Info.plist */ = {isa = PBXFileReference; lastKnownFileType = text.plist.xml; path = Info.plist; sourceTree = "<group>"; };
		B88922B11B7C5742008B8345 /* iOS8TableViewAutoLayoutTestUITests.xctest */ = {isa = PBXFileReference; explicitFileType = wrapper.cfbundle; includeInIndex = 0; path = iOS8TableViewAutoLayoutTestUITests.xctest; sourceTree = BUILT_PRODUCTS_DIR; };
		B88922B51B7C5742008B8345 /* iOS8TableViewAutoLayoutTestUITests.m */ = {isa = PBXFileReference; lastKnownFileType = sourcecode.c.objc; path = iOS8TableViewAutoLayoutTestUITests.m; sourceTree = "<group>"; };
		B88922B71B7C5742008B8345 /* Info.plist */ = {isa = PBXFileReference; lastKnownFileType = text.plist.xml; path = Info.plist; sourceTree = "<group>"; };
		B88922E91B7D3B56008B8345 /* MyTableViewController.h */ = {isa = PBXFileReference; fileEncoding = 4; lastKnownFileType = sourcecode.c.h; path = MyTableViewController.h; sourceTree = "<group>"; };
		B88922EA1B7D3B56008B8345 /* MyTableViewController.m */ = {isa = PBXFileReference; fileEncoding = 4; lastKnownFileType = sourcecode.c.objc; path = MyTableViewController.m; sourceTree = "<group>"; };
/* End PBXFileReference section */

/* Begin PBXFrameworksBuildPhase section */
		B88922871B7C5742008B8345 /* Frameworks */ = {
			isa = PBXFrameworksBuildPhase;
			buildActionMask = 2147483647;
			files = (
			);
			runOnlyForDeploymentPostprocessing = 0;
		};
		B88922A31B7C5742008B8345 /* Frameworks */ = {
			isa = PBXFrameworksBuildPhase;
			buildActionMask = 2147483647;
			files = (
			);
			runOnlyForDeploymentPostprocessing = 0;
		};
		B88922AE1B7C5742008B8345 /* Frameworks */ = {
			isa = PBXFrameworksBuildPhase;
			buildActionMask = 2147483647;
			files = (
			);
			runOnlyForDeploymentPostprocessing = 0;
		};
/* End PBXFrameworksBuildPhase section */

/* Begin PBXGroup section */
		B88922811B7C5742008B8345 = {
			isa = PBXGroup;
			children = (
				B889228C1B7C5742008B8345 /* iOS8TableViewAutoLayoutTest */,
				B88922A91B7C5742008B8345 /* iOS8TableViewAutoLayoutTestTests */,
				B88922B41B7C5742008B8345 /* iOS8TableViewAutoLayoutTestUITests */,
				B889228B1B7C5742008B8345 /* Products */,
			);
			sourceTree = "<group>";
		};
		B889228B1B7C5742008B8345 /* Products */ = {
			isa = PBXGroup;
			children = (
				B889228A1B7C5742008B8345 /* iOS8TableViewAutoLayoutTest.app */,
				B88922A61B7C5742008B8345 /* iOS8TableViewAutoLayoutTestTests.xctest */,
				B88922B11B7C5742008B8345 /* iOS8TableViewAutoLayoutTestUITests.xctest */,
			);
			name = Products;
			sourceTree = "<group>";
		};
		B889228C1B7C5742008B8345 /* iOS8TableViewAutoLayoutTest */ = {
			isa = PBXGroup;
			children = (
				B88922901B7C5742008B8345 /* AppDelegate.h */,
				B88922911B7C5742008B8345 /* AppDelegate.m */,
				B88922961B7C5742008B8345 /* Main.storyboard */,
				B88922E91B7D3B56008B8345 /* MyTableViewController.h */,
				B88922EA1B7D3B56008B8345 /* MyTableViewController.m */,
				B889229C1B7C5742008B8345 /* Assets.xcassets */,
				B889229E1B7C5742008B8345 /* LaunchScreen.storyboard */,
				B88922A11B7C5742008B8345 /* Info.plist */,
				B88922991B7C5742008B8345 /* iOS8TableViewAutoLayoutTest.xcdatamodeld */,
				B889228D1B7C5742008B8345 /* Supporting Files */,
			);
			path = iOS8TableViewAutoLayoutTest;
			sourceTree = "<group>";
		};
		B889228D1B7C5742008B8345 /* Supporting Files */ = {
			isa = PBXGroup;
			children = (
				B889228E1B7C5742008B8345 /* main.m */,
			);
			name = "Supporting Files";
			sourceTree = "<group>";
		};
		B88922A91B7C5742008B8345 /* iOS8TableViewAutoLayoutTestTests */ = {
			isa = PBXGroup;
			children = (
				B88922AA1B7C5742008B8345 /* iOS8TableViewAutoLayoutTestTests.m */,
				B88922AC1B7C5742008B8345 /* Info.plist */,
			);
			path = iOS8TableViewAutoLayoutTestTests;
			sourceTree = "<group>";
		};
		B88922B41B7C5742008B8345 /* iOS8TableViewAutoLayoutTestUITests */ = {
			isa = PBXGroup;
			children = (
				B88922B51B7C5742008B8345 /* iOS8TableViewAutoLayoutTestUITests.m */,
				B88922B71B7C5742008B8345 /* Info.plist */,
			);
			path = iOS8TableViewAutoLayoutTestUITests;
			sourceTree = "<group>";
		};
/* End PBXGroup section */

/* Begin PBXNativeTarget section */
		B88922891B7C5742008B8345 /* iOS8TableViewAutoLayoutTest */ = {
			isa = PBXNativeTarget;
			buildConfigurationList = B88922BA1B7C5742008B8345 /* Build configuration list for PBXNativeTarget "iOS8TableViewAutoLayoutTest" */;
			buildPhases = (
				B88922861B7C5742008B8345 /* Sources */,
				B88922871B7C5742008B8345 /* Frameworks */,
				B88922881B7C5742008B8345 /* Resources */,
			);
			buildRules = (
			);
			dependencies = (
			);
			name = iOS8TableViewAutoLayoutTest;
			productName = iOS8TableViewAutoLayoutTest;
			productReference = B889228A1B7C5742008B8345 /* iOS8TableViewAutoLayoutTest.app */;
			productType = "com.apple.product-type.application";
		};
		B88922A51B7C5742008B8345 /* iOS8TableViewAutoLayoutTestTests */ = {
			isa = PBXNativeTarget;
			buildConfigurationList = B88922BD1B7C5742008B8345 /* Build configuration list for PBXNativeTarget "iOS8TableViewAutoLayoutTestTests" */;
			buildPhases = (
				B88922A21B7C5742008B8345 /* Sources */,
				B88922A31B7C5742008B8345 /* Frameworks */,
				B88922A41B7C5742008B8345 /* Resources */,
			);
			buildRules = (
			);
			dependencies = (
				B88922A81B7C5742008B8345 /* PBXTargetDependency */,
			);
			name = iOS8TableViewAutoLayoutTestTests;
			productName = iOS8TableViewAutoLayoutTestTests;
			productReference = B88922A61B7C5742008B8345 /* iOS8TableViewAutoLayoutTestTests.xctest */;
			productType = "com.apple.product-type.bundle.unit-test";
		};
		B88922B01B7C5742008B8345 /* iOS8TableViewAutoLayoutTestUITests */ = {
			isa = PBXNativeTarget;
			buildConfigurationList = B88922C01B7C5742008B8345 /* Build configuration list for PBXNativeTarget "iOS8TableViewAutoLayoutTestUITests" */;
			buildPhases = (
				B88922AD1B7C5742008B8345 /* Sources */,
				B88922AE1B7C5742008B8345 /* Frameworks */,
				B88922AF1B7C5742008B8345 /* Resources */,
			);
			buildRules = (
			);
			dependencies = (
				B88922B31B7C5742008B8345 /* PBXTargetDependency */,
			);
			name = iOS8TableViewAutoLayoutTestUITests;
			productName = iOS8TableViewAutoLayoutTestUITests;
			productReference = B88922B11B7C5742008B8345 /* iOS8TableViewAutoLayoutTestUITests.xctest */;
			productType = "com.apple.product-type.bundle.ui-testing";
		};
/* End PBXNativeTarget section */

/* Begin PBXProject section */
		B88922821B7C5742008B8345 /* Project object */ = {
			isa = PBXProject;
			attributes = {
				LastUpgradeCheck = 0700;
				ORGANIZATIONNAME = "John Stewart";
				TargetAttributes = {
					B88922891B7C5742008B8345 = {
						CreatedOnToolsVersion = 7.0;
					};
					B88922A51B7C5742008B8345 = {
						CreatedOnToolsVersion = 7.0;
						TestTargetID = B88922891B7C5742008B8345;
					};
					B88922B01B7C5742008B8345 = {
						CreatedOnToolsVersion = 7.0;
						TestTargetID = B88922891B7C5742008B8345;
					};
				};
			};
			buildConfigurationList = B88922851B7C5742008B8345 /* Build configuration list for PBXProject "iOS8TableViewAutoLayoutTest" */;
			compatibilityVersion = "Xcode 3.2";
			developmentRegion = English;
			hasScannedForEncodings = 0;
			knownRegions = (
				en,
				Base,
			);
			mainGroup = B88922811B7C5742008B8345;
			productRefGroup = B889228B1B7C5742008B8345 /* Products */;
			projectDirPath = "";
			projectRoot = "";
			targets = (
				B88922891B7C5742008B8345 /* iOS8TableViewAutoLayoutTest */,
				B88922A51B7C5742008B8345 /* iOS8TableViewAutoLayoutTestTests */,
				B88922B01B7C5742008B8345 /* iOS8TableViewAutoLayoutTestUITests */,
			);
		};
/* End PBXProject section */

/* Begin PBXResourcesBuildPhase section */
		B88922881B7C5742008B8345 /* Resources */ = {
			isa = PBXResourcesBuildPhase;
			buildActionMask = 2147483647;
			files = (
				B88922A01B7C5742008B8345 /* LaunchScreen.storyboard in Resources */,
				B889229D1B7C5742008B8345 /* Assets.xcassets in Resources */,
				B88922981B7C5742008B8345 /* Main.storyboard in Resources */,
			);
			runOnlyForDeploymentPostprocessing = 0;
		};
		B88922A41B7C5742008B8345 /* Resources */ = {
			isa = PBXResourcesBuildPhase;
			buildActionMask = 2147483647;
			files = (
			);
			runOnlyForDeploymentPostprocessing = 0;
		};
		B88922AF1B7C5742008B8345 /* Resources */ = {
			isa = PBXResourcesBuildPhase;
			buildActionMask = 2147483647;
			files = (
			);
			runOnlyForDeploymentPostprocessing = 0;
		};
/* End PBXResourcesBuildPhase section */

/* Begin PBXSourcesBuildPhase section */
		B88922861B7C5742008B8345 /* Sources */ = {
			isa = PBXSourcesBuildPhase;
			buildActionMask = 2147483647;
			files = (
				B88922EB1B7D3B56008B8345 /* MyTableViewController.m in Sources */,
				B889229B1B7C5742008B8345 /* iOS8TableViewAutoLayoutTest.xcdatamodeld in Sources */,
				B88922921B7C5742008B8345 /* AppDelegate.m in Sources */,
				B889228F1B7C5742008B8345 /* main.m in Sources */,
			);
			runOnlyForDeploymentPostprocessing = 0;
		};
		B88922A21B7C5742008B8345 /* Sources */ = {
			isa = PBXSourcesBuildPhase;
			buildActionMask = 2147483647;
			files = (
				B88922AB1B7C5742008B8345 /* iOS8TableViewAutoLayoutTestTests.m in Sources */,
			);
			runOnlyForDeploymentPostprocessing = 0;
		};
		B88922AD1B7C5742008B8345 /* Sources */ = {
			isa = PBXSourcesBuildPhase;
			buildActionMask = 2147483647;
			files = (
				B88922B61B7C5742008B8345 /* iOS8TableViewAutoLayoutTestUITests.m in Sources */,
			);
			runOnlyForDeploymentPostprocessing = 0;
		};
/* End PBXSourcesBuildPhase section */

/* Begin PBXTargetDependency section */
		B88922A81B7C5742008B8345 /* PBXTargetDependency */ = {
			isa = PBXTargetDependency;
			target = B88922891B7C5742008B8345 /* iOS8TableViewAutoLayoutTest */;
			targetProxy = B88922A71B7C5742008B8345 /* PBXContainerItemProxy */;
		};
		B88922B31B7C5742008B8345 /* PBXTargetDependency */ = {
			isa = PBXTargetDependency;
			target = B88922891B7C5742008B8345 /* iOS8TableViewAutoLayoutTest */;
			targetProxy = B88922B21B7C5742008B8345 /* PBXContainerItemProxy */;
		};
/* End PBXTargetDependency section */

/* Begin PBXVariantGroup section */
		B88922961B7C5742008B8345 /* Main.storyboard */ = {
			isa = PBXVariantGroup;
			children = (
				B88922971B7C5742008B8345 /* Base */,
			);
			name = Main.storyboard;
			sourceTree = "<group>";
		};
		B889229E1B7C5742008B8345 /* LaunchScreen.storyboard */ = {
			isa = PBXVariantGroup;
			children = (
				B889229F1B7C5742008B8345 /* Base */,
			);
			name = LaunchScreen.storyboard;
			sourceTree = "<group>";
		};
/* End PBXVariantGroup section */

/* Begin XCBuildConfiguration section */
		B88922B81B7C5742008B8345 /* Debug */ = {
			isa = XCBuildConfiguration;
			buildSettings = {
				ALWAYS_SEARCH_USER_PATHS = NO;
				CLANG_CXX_LANGUAGE_STANDARD = "gnu++0x";
				CLANG_CXX_LIBRARY = "libc++";
				CLANG_ENABLE_MODULES = YES;
				CLANG_ENABLE_OBJC_ARC = YES;
				CLANG_WARN_BOOL_CONVERSION = YES;
				CLANG_WARN_CONSTANT_CONVERSION = YES;
				CLANG_WARN_DIRECT_OBJC_ISA_USAGE = YES_ERROR;
				CLANG_WARN_EMPTY_BODY = YES;
				CLANG_WARN_ENUM_CONVERSION = YES;
				CLANG_WARN_INT_CONVERSION = YES;
				CLANG_WARN_OBJC_ROOT_CLASS = YES_ERROR;
				CLANG_WARN_UNREACHABLE_CODE = YES;
				CLANG_WARN__DUPLICATE_METHOD_MATCH = YES;
				"CODE_SIGN_IDENTITY[sdk=iphoneos*]" = "iPhone Developer";
				COPY_PHASE_STRIP = NO;
				DEBUG_INFORMATION_FORMAT = dwarf;
				ENABLE_STRICT_OBJC_MSGSEND = YES;
				ENABLE_TESTABILITY = YES;
				GCC_C_LANGUAGE_STANDARD = gnu99;
				GCC_DYNAMIC_NO_PIC = NO;
				GCC_NO_COMMON_BLOCKS = YES;
				GCC_OPTIMIZATION_LEVEL = 0;
				GCC_PREPROCESSOR_DEFINITIONS = (
					"DEBUG=1",
					"$(inherited)",
				);
				GCC_WARN_64_TO_32_BIT_CONVERSION = YES;
				GCC_WARN_ABOUT_RETURN_TYPE = YES_ERROR;
				GCC_WARN_UNDECLARED_SELECTOR = YES;
				GCC_WARN_UNINITIALIZED_AUTOS = YES_AGGRESSIVE;
				GCC_WARN_UNUSED_FUNCTION = YES;
				GCC_WARN_UNUSED_VARIABLE = YES;
				IPHONEOS_DEPLOYMENT_TARGET = 9.0;
				MTL_ENABLE_DEBUG_INFO = YES;
				ONLY_ACTIVE_ARCH = YES;
				SDKROOT = iphoneos;
				TARGETED_DEVICE_FAMILY = "1,2";
			};
			name = Debug;
		};
		B88922B91B7C5742008B8345 /* Release */ = {
			isa = XCBuildConfiguration;
			buildSettings = {
				ALWAYS_SEARCH_USER_PATHS = NO;
				CLANG_CXX_LANGUAGE_STANDARD = "gnu++0x";
				CLANG_CXX_LIBRARY = "libc++";
				CLANG_ENABLE_MODULES = YES;
				CLANG_ENABLE_OBJC_ARC = YES;
				CLANG_WARN_BOOL_CONVERSION = YES;
				CLANG_WARN_CONSTANT_CONVERSION = YES;
				CLANG_WARN_DIRECT_OBJC_ISA_USAGE = YES_ERROR;
				CLANG_WARN_EMPTY_BODY = YES;
				CLANG_WARN_ENUM_CONVERSION = YES;
				CLANG_WARN_INT_CONVERSION = YES;
				CLANG_WARN_OBJC_ROOT_CLASS = YES_ERROR;
				CLANG_WARN_UNREACHABLE_CODE = YES;
				CLANG_WARN__DUPLICATE_METHOD_MATCH = YES;
				"CODE_SIGN_IDENTITY[sdk=iphoneos*]" = "iPhone Developer";
				COPY_PHASE_STRIP = NO;
				DEBUG_INFORMATION_FORMAT = "dwarf-with-dsym";
				ENABLE_NS_ASSERTIONS = NO;
				ENABLE_STRICT_OBJC_MSGSEND = YES;
				GCC_C_LANGUAGE_STANDARD = gnu99;
				GCC_NO_COMMON_BLOCKS = YES;
				GCC_WARN_64_TO_32_BIT_CONVERSION = YES;
				GCC_WARN_ABOUT_RETURN_TYPE = YES_ERROR;
				GCC_WARN_UNDECLARED_SELECTOR = YES;
				GCC_WARN_UNINITIALIZED_AUTOS = YES_AGGRESSIVE;
				GCC_WARN_UNUSED_FUNCTION = YES;
				GCC_WARN_UNUSED_VARIABLE = YES;
				IPHONEOS_DEPLOYMENT_TARGET = 9.0;
				MTL_ENABLE_DEBUG_INFO = NO;
				SDKROOT = iphoneos;
				TARGETED_DEVICE_FAMILY = "1,2";
				VALIDATE_PRODUCT = YES;
			};
			name = Release;
		};
		B88922BB1B7C5742008B8345 /* Debug */ = {
			isa = XCBuildConfiguration;
			buildSettings = {
				ASSETCATALOG_COMPILER_APPICON_NAME = AppIcon;
				INFOPLIST_FILE = iOS8TableViewAutoLayoutTest/Info.plist;
				LD_RUNPATH_SEARCH_PATHS = "$(inherited) @executable_path/Frameworks";
				PRODUCT_BUNDLE_IDENTIFIER = madisoncomputergeek.iOS8TableViewAutoLayoutTest;
				PRODUCT_NAME = "$(TARGET_NAME)";
			};
			name = Debug;
		};
		B88922BC1B7C5742008B8345 /* Release */ = {
			isa = XCBuildConfiguration;
			buildSettings = {
				ASSETCATALOG_COMPILER_APPICON_NAME = AppIcon;
				INFOPLIST_FILE = iOS8TableViewAutoLayoutTest/Info.plist;
				LD_RUNPATH_SEARCH_PATHS = "$(inherited) @executable_path/Frameworks";
				PRODUCT_BUNDLE_IDENTIFIER = madisoncomputergeek.iOS8TableViewAutoLayoutTest;
				PRODUCT_NAME = "$(TARGET_NAME)";
			};
			name = Release;
		};
		B88922BE1B7C5742008B8345 /* Debug */ = {
			isa = XCBuildConfiguration;
			buildSettings = {
				BUNDLE_LOADER = "$(TEST_HOST)";
				INFOPLIST_FILE = iOS8TableViewAutoLayoutTestTests/Info.plist;
				LD_RUNPATH_SEARCH_PATHS = "$(inherited) @executable_path/Frameworks @loader_path/Frameworks";
				PRODUCT_BUNDLE_IDENTIFIER = madisoncomputergeek.iOS8TableViewAutoLayoutTestTests;
				PRODUCT_NAME = "$(TARGET_NAME)";
				TEST_HOST = "$(BUILT_PRODUCTS_DIR)/iOS8TableViewAutoLayoutTest.app/iOS8TableViewAutoLayoutTest";
			};
			name = Debug;
		};
		B88922BF1B7C5742008B8345 /* Release */ = {
			isa = XCBuildConfiguration;
			buildSettings = {
				BUNDLE_LOADER = "$(TEST_HOST)";
				INFOPLIST_FILE = iOS8TableViewAutoLayoutTestTests/Info.plist;
				LD_RUNPATH_SEARCH_PATHS = "$(inherited) @executable_path/Frameworks @loader_path/Frameworks";
				PRODUCT_BUNDLE_IDENTIFIER = madisoncomputergeek.iOS8TableViewAutoLayoutTestTests;
				PRODUCT_NAME = "$(TARGET_NAME)";
				TEST_HOST = "$(BUILT_PRODUCTS_DIR)/iOS8TableViewAutoLayoutTest.app/iOS8TableViewAutoLayoutTest";
			};
			name = Release;
		};
		B88922C11B7C5742008B8345 /* Debug */ = {
			isa = XCBuildConfiguration;
			buildSettings = {
				INFOPLIST_FILE = iOS8TableViewAutoLayoutTestUITests/Info.plist;
				LD_RUNPATH_SEARCH_PATHS = "$(inherited) @executable_path/Frameworks @loader_path/Frameworks";
				PRODUCT_BUNDLE_IDENTIFIER = madisoncomputergeek.iOS8TableViewAutoLayoutTestUITests;
				PRODUCT_NAME = "$(TARGET_NAME)";
				TEST_TARGET_NAME = iOS8TableViewAutoLayoutTest;
				USES_XCTRUNNER = YES;
			};
			name = Debug;
		};
		B88922C21B7C5742008B8345 /* Release */ = {
			isa = XCBuildConfiguration;
			buildSettings = {
				INFOPLIST_FILE = iOS8TableViewAutoLayoutTestUITests/Info.plist;
				LD_RUNPATH_SEARCH_PATHS = "$(inherited) @executable_path/Frameworks @loader_path/Frameworks";
				PRODUCT_BUNDLE_IDENTIFIER = madisoncomputergeek.iOS8TableViewAutoLayoutTestUITests;
				PRODUCT_NAME = "$(TARGET_NAME)";
				TEST_TARGET_NAME = iOS8TableViewAutoLayoutTest;
				USES_XCTRUNNER = YES;
			};
			name = Release;
		};
/* End XCBuildConfiguration section */

/* Begin XCConfigurationList section */
		B88922851B7C5742008B8345 /* Build configuration list for PBXProject "iOS8TableViewAutoLayoutTest" */ = {
			isa = XCConfigurationList;
			buildConfigurations = (
				B88922B81B7C5742008B8345 /* Debug */,
				B88922B91B7C5742008B8345 /* Release */,
			);
			defaultConfigurationIsVisible = 0;
			defaultConfigurationName = Release;
		};
		B88922BA1B7C5742008B8345 /* Build configuration list for PBXNativeTarget "iOS8TableViewAutoLayoutTest" */ = {
			isa = XCConfigurationList;
			buildConfigurations = (
				B88922BB1B7C5742008B8345 /* Debug */,
				B88922BC1B7C5742008B8345 /* Release */,
			);
			defaultConfigurationIsVisible = 0;
		};
		B88922BD1B7C5742008B8345 /* Build configuration list for PBXNativeTarget "iOS8TableViewAutoLayoutTestTests" */ = {
			isa = XCConfigurationList;
			buildConfigurations = (
				B88922BE1B7C5742008B8345 /* Debug */,
				B88922BF1B7C5742008B8345 /* Release */,
			);
			defaultConfigurationIsVisible = 0;
		};
		B88922C01B7C5742008B8345 /* Build configuration list for PBXNativeTarget "iOS8TableViewAutoLayoutTestUITests" */ = {
			isa = XCConfigurationList;
			buildConfigurations = (
				B88922C11B7C5742008B8345 /* Debug */,
				B88922C21B7C5742008B8345 /* Release */,
			);
			defaultConfigurationIsVisible = 0;
		};
/* End XCConfigurationList section */

/* Begin XCVersionGroup section */
		B88922991B7C5742008B8345 /* iOS8TableViewAutoLayoutTest.xcdatamodeld */ = {
			isa = XCVersionGroup;
			children = (
				B889229A1B7C5742008B8345 /* iOS8TableViewAutoLayoutTest.xcdatamodel */,
			);
			currentVersion = B889229A1B7C5742008B8345 /* iOS8TableViewAutoLayoutTest.xcdatamodel */;
			path = iOS8TableViewAutoLayoutTest.xcdatamodeld;
			sourceTree = "<group>";
			versionGroupType = wrapper.xcdatamodel;
		};
/* End XCVersionGroup section */
	};
	rootObject = B88922821B7C5742008B8345 /* Project object */;
}
